
Microsoft Visual Studio Solution File, Format Version 12.00
# Visual Studio Version 17
VisualStudioVersion = 17.8.34408.163
MinimumVisualStudioVersion = 10.0.40219.1
Project("{FAE04EC0-301F-11D3-BF4B-00C04F79EFBC}") = "Assignment2", "Assignment2.csproj", "{76E6D223-6F76-454F-A90D-71093201EE05}"
EndProject
Global
	GlobalSection(SolutionConfigurationPlatforms) = preSolution
		Debug|Any CPU = Debug|Any CPU
		Release|Any CPU = Release|Any CPU
	EndGlobalSection
	GlobalSection(ProjectConfigurationPlatforms) = postSolution
		{76E6D223-6F76-454F-A90D-71093201EE05}.Debug|Any CPU.ActiveCfg = Debug|Any CPU
		{76E6D223-6F76-454F-A90D-71093201EE05}.Debug|Any CPU.Build.0 = Debug|Any CPU
		{76E6D223-6F76-454F-A90D-71093201EE05}.Release|Any CPU.ActiveCfg = Release|Any CPU
		{76E6D223-6F76-454F-A90D-71093201EE05}.Release|Any CPU.Build.0 = Release|Any CPU
	EndGlobalSection
	GlobalSection(SolutionProperties) = preSolution
		HideSolutionNode = FALSE
	EndGlobalSection
	GlobalSection(ExtensibilityGlobals) = postSolution
		SolutionGuid = {38D2F726-26AE-4708-803D-9CB1202F6DB0}
	EndGlobalSection
EndGlobal
